Microsoft Visual Studio Solution File, Format Version 12.00
# Butlr — mcp-home
Project("{FAE04EC0-301F-11D3-BF4B-00C04F79EFBC}") = "Butlr.McpHome", "src\Butlr.McpHome\Butlr.McpHome.csproj", "{30FB211D-7A7F-4FDF-A9CE-C24B1AEBC813}"
EndProject
Project("{FAE04EC0-301F-11D3-BF4B-00C04F79EFBC}") = "Butlr.McpHome.Tests", "tests\Butlr.McpHome.Tests\Butlr.McpHome.Tests.csproj", "{04A90BBF-803A-4149-B476-396689B16F67}"
EndProject
Global
	GlobalSection(SolutionConfigurationPlatforms) = preSolution
		Debug|Any CPU = Debug|Any CPU
		Release|Any CPU = Release|Any CPU
	EndGlobalSection
	GlobalSection(ProjectConfigurationPlatforms) = postSolution
		{30FB211D-7A7F-4FDF-A9CE-C24B1AEBC813}.Debug|Any CPU.ActiveCfg = Debug|Any CPU
		{30FB211D-7A7F-4FDF-A9CE-C24B1AEBC813}.Debug|Any CPU.Build.0 = Debug|Any CPU
		{30FB211D-7A7F-4FDF-A9CE-C24B1AEBC813}.Release|Any CPU.ActiveCfg = Release|Any CPU
		{30FB211D-7A7F-4FDF-A9CE-C24B1AEBC813}.Release|Any CPU.Build.0 = Release|Any CPU
		{04A90BBF-803A-4149-B476-396689B16F67}.Debug|Any CPU.ActiveCfg = Debug|Any CPU
		{04A90BBF-803A-4149-B476-396689B16F67}.Debug|Any CPU.Build.0 = Debug|Any CPU
		{04A90BBF-803A-4149-B476-396689B16F67}.Release|Any CPU.ActiveCfg = Release|Any CPU
		{04A90BBF-803A-4149-B476-396689B16F67}.Release|Any CPU.Build.0 = Release|Any CPU
	EndGlobalSection
	GlobalSection(SolutionProperties) = preSolution
		HideSolutionNode = FALSE
	EndGlobalSection
EndGlobal
